github.com/imfing/hextra v0.9.4 h1:k1KEC2mtYbMVBMOYUYK5Yy8pNPpIH3u6pBTRyBSN6No=
github.com/imfing/hextra v0.9.4/go.mod h1:cEfel3lU/bSx7lTE/+uuR4GJaphyOyiwNR3PTqFTXpI=
github.com/oasci/crumblearn.org v0.0.0-20250119164654-ba7563d0677e h1:28Fw35DfGm1dM2/P0RZTGY3PB2ms04kxcGN+OXGZD8s=
github.com/oasci/crumblearn.org v0.0.0-20250119164654-ba7563d0677e/go.mod h1:QqqP8Yoqu8q0lirm8O6sEXZ3pF1baYlLQ/LF72umR1o=
